
Microsoft Visual Studio Solution File, Format Version 12.00
# Visual Studio Version 17
VisualStudioVersion = 17.5.002.0
MinimumVisualStudioVersion = 10.0.40219.1
Project("{9A19103F-16F7-4668-BE54-9A1E7A4F7556}") = "bootcamp-explorando", "bootcamp-explorando.csproj", "{22FD04EC-91EC-473A-8096-0AA94464369D}"
EndProject
Global
	GlobalSection(SolutionConfigurationPlatforms) = preSolution
		Debug|Any CPU = Debug|Any CPU
		Release|Any CPU = Release|Any CPU
	EndGlobalSection
	GlobalSection(ProjectConfigurationPlatforms) = postSolution
		{22FD04EC-91EC-473A-8096-0AA94464369D}.Debug|Any CPU.ActiveCfg = Debug|Any CPU
		{22FD04EC-91EC-473A-8096-0AA94464369D}.Debug|Any CPU.Build.0 = Debug|Any CPU
		{22FD04EC-91EC-473A-8096-0AA94464369D}.Release|Any CPU.ActiveCfg = Release|Any CPU
		{22FD04EC-91EC-473A-8096-0AA94464369D}.Release|Any CPU.Build.0 = Release|Any CPU
	EndGlobalSection
	GlobalSection(SolutionProperties) = preSolution
		HideSolutionNode = FALSE
	EndGlobalSection
	GlobalSection(ExtensibilityGlobals) = postSolution
		SolutionGuid = {8A2BC13F-C1ED-4AF5-9126-E8998B6A0CB8}
	EndGlobalSection
EndGlobal
